Microsoft Visual Studio Solution File, Format Version 11.00
# Visual Studio 2008

Project("{E0EA651E-3E67-6063-D3CE-F9019AB29F47}") = "ShadowDota", "Assembly-CSharp-firstpass.csproj", "{E3583A97-92BB-53A1-E447-6569B48EDE92}"
EndProject
Project("{E0EA651E-3E67-6063-D3CE-F9019AB29F47}") = "ShadowDota", "Assembly-CSharp.csproj", "{96E3EE5D-58C3-8F80-3B42-0DC2465ACBC3}"
EndProject
Project("{E0EA651E-3E67-6063-D3CE-F9019AB29F47}") = "ShadowDota", "Assembly-CSharp-Editor.csproj", "{40E1BB78-8886-8088-D396-8DE57513740C}"
EndProject
Global
	GlobalSection(SolutionConfigurationPlatforms) = preSolution
		Debug|Any CPU = Debug|Any CPU
		Release|Any CPU = Release|Any CPU
	EndGlobalSection
	GlobalSection(ProjectConfigurationPlatforms) = postSolution
		{E3583A97-92BB-53A1-E447-6569B48EDE92}.Debug|Any CPU.ActiveCfg = Debug|Any CPU
		{E3583A97-92BB-53A1-E447-6569B48EDE92}.Debug|Any CPU.Build.0 = Debug|Any CPU
		{E3583A97-92BB-53A1-E447-6569B48EDE92}.Release|Any CPU.ActiveCfg = Release|Any CPU
		{E3583A97-92BB-53A1-E447-6569B48EDE92}.Release|Any CPU.Build.0 = Release|Any CPU
		{96E3EE5D-58C3-8F80-3B42-0DC2465ACBC3}.Debug|Any CPU.ActiveCfg = Debug|Any CPU
		{96E3EE5D-58C3-8F80-3B42-0DC2465ACBC3}.Debug|Any CPU.Build.0 = Debug|Any CPU
		{96E3EE5D-58C3-8F80-3B42-0DC2465ACBC3}.Release|Any CPU.ActiveCfg = Release|Any CPU
		{96E3EE5D-58C3-8F80-3B42-0DC2465ACBC3}.Release|Any CPU.Build.0 = Release|Any CPU
		{40E1BB78-8886-8088-D396-8DE57513740C}.Debug|Any CPU.ActiveCfg = Debug|Any CPU
		{40E1BB78-8886-8088-D396-8DE57513740C}.Debug|Any CPU.Build.0 = Debug|Any CPU
		{40E1BB78-8886-8088-D396-8DE57513740C}.Release|Any CPU.ActiveCfg = Release|Any CPU
		{40E1BB78-8886-8088-D396-8DE57513740C}.Release|Any CPU.Build.0 = Release|Any CPU
	EndGlobalSection
	GlobalSection(SolutionProperties) = preSolution
		HideSolutionNode = FALSE
	EndGlobalSection
																GlobalSection(MonoDevelopProperties) = preSolution
		StartupItem = Assembly-CSharp.csproj
		Policies = $0
		$0.TextStylePolicy = $1
		$1.inheritsSet = null
		$1.scope = text/x-csharp
		$0.CSharpFormattingPolicy = $2
		$2.inheritsSet = Mono
		$2.inheritsScope = text/x-csharp
		$2.scope = text/x-csharp
		$0.TextStylePolicy = $3
		$3.FileWidth = 120
		$3.TabWidth = 4
		$3.IndentWidth = 4
		$3.EolMarker = Unix
		$3.inheritsSet = Mono
		$3.inheritsScope = text/plain
		$3.scope = text/plain
	EndGlobalSection
EndGlobal
